// !$*UTF8*$!
{
	archiveVersion = 1;
	classes = {
	};
	objectVersion = 46;
	objects = {

/* Begin PBXBuildFile section */
		C18F4EA41D0580990087FD9E /* function.cpp in Sources */ = {isa = PBXBuildFile; fileRef = C18F4EA31D0580990087FD9E /* function.cpp */; };
		C18F4EA61D0595CD0087FD9E /* TestStudent.cpp in Sources */ = {isa = PBXBuildFile; fileRef = C18F4EA51D0595CD0087FD9E /* TestStudent.cpp */; };
		C18F4EA91D05A27F0087FD9E /* DelimFieldBuffer.cpp in Sources */ = {isa = PBXBuildFile; fileRef = C18F4EA81D05A27F0087FD9E /* DelimFieldBuffer.cpp */; };
		C18F4EAE1D05CA650087FD9E /* BufferFile.cpp in Sources */ = {isa = PBXBuildFile; fileRef = C18F4EAD1D05CA650087FD9E /* BufferFile.cpp */; };
		C1EC4CB21D057DA80043EE27 /* main.cpp in Sources */ = {isa = PBXBuildFile; fileRef = C1EC4CB11D057DA80043EE27 /* main.cpp */; };
		C1EC4CBE1D057F330043EE27 /* Student.cpp in Sources */ = {isa = PBXBuildFile; fileRef = C1EC4CBD1D057F330043EE27 /* Student.cpp */; };
		C1EC4CC11D057FF20043EE27 /* IOBuffer.cpp in Sources */ = {isa = PBXBuildFile; fileRef = C1EC4CC01D057FF20043EE27 /* IOBuffer.cpp */; };
		C1EC4CC31D0580430043EE27 /* FixedFieldBuffer.cpp in Sources */ = {isa = PBXBuildFile; fileRef = C1EC4CC21D0580430043EE27 /* FixedFieldBuffer.cpp */; };
/* End PBXBuildFile section */

/* Begin PBXCopyFilesBuildPhase section */
		C1EC4CAC1D057DA80043EE27 /* CopyFiles */ = {
			isa = PBXCopyFilesBuildPhase;
			buildActionMask = 2147483647;
			dstPath = /usr/share/man/man1/;
			dstSubfolderSpec = 0;
			files = (
			);
			runOnlyForDeploymentPostprocessing = 1;
		};
/* End PBXCopyFilesBuildPhase section */

/* Begin PBXFileReference section */
		C18F4EA31D0580990087FD9E /* function.cpp */ = {isa = PBXFileReference; fileEncoding = 4; lastKnownFileType = sourcecode.cpp.cpp; path = function.cpp; sourceTree = "<group>"; };
		C18F4EA51D0595CD0087FD9E /* TestStudent.cpp */ = {isa = PBXFileReference; fileEncoding = 4; lastKnownFileType = sourcecode.cpp.cpp; path = TestStudent.cpp; sourceTree = "<group>"; };
		C18F4EA71D0597CD0087FD9E /* DelimFieldBuffer.h */ = {isa = PBXFileReference; fileEncoding = 4; lastKnownFileType = sourcecode.c.h; path = DelimFieldBuffer.h; sourceTree = "<group>"; };
		C18F4EA81D05A27F0087FD9E /* DelimFieldBuffer.cpp */ = {isa = PBXFileReference; fileEncoding = 4; lastKnownFileType = sourcecode.cpp.cpp; path = DelimFieldBuffer.cpp; sourceTree = "<group>"; };
		C18F4EAC1D05BF0D0087FD9E /* BufferFile.h */ = {isa = PBXFileReference; fileEncoding = 4; lastKnownFileType = sourcecode.c.h; path = BufferFile.h; sourceTree = "<group>"; };
		C18F4EAD1D05CA650087FD9E /* BufferFile.cpp */ = {isa = PBXFileReference; fileEncoding = 4; lastKnownFileType = sourcecode.cpp.cpp; path = BufferFile.cpp; sourceTree = "<group>"; };
		C1EC4CAE1D057DA80043EE27 /* FileStructure5 */ = {isa = PBXFileReference; explicitFileType = "compiled.mach-o.executable"; includeInIndex = 0; path = FileStructure5; sourceTree = BUILT_PRODUCTS_DIR; };
		C1EC4CB11D057DA80043EE27 /* main.cpp */ = {isa = PBXFileReference; lastKnownFileType = sourcecode.cpp.cpp; path = main.cpp; sourceTree = "<group>"; };
		C1EC4CB91D057E670043EE27 /* Buffer.h */ = {isa = PBXFileReference; fileEncoding = 4; lastKnownFileType = sourcecode.c.h; path = Buffer.h; sourceTree = "<group>"; };
		C1EC4CBA1D057EC00043EE27 /* classType.h */ = {isa = PBXFileReference; fileEncoding = 4; lastKnownFileType = sourcecode.c.h; path = classType.h; sourceTree = "<group>"; };
		C1EC4CBC1D057EF70043EE27 /* Student.h */ = {isa = PBXFileReference; fileEncoding = 4; lastKnownFileType = sourcecode.c.h; path = Student.h; sourceTree = "<group>"; };
		C1EC4CBD1D057F330043EE27 /* Student.cpp */ = {isa = PBXFileReference; fileEncoding = 4; lastKnownFileType = sourcecode.cpp.cpp; path = Student.cpp; sourceTree = "<group>"; };
		C1EC4CBF1D057FB50043EE27 /* FixedFieldBuffer.h */ = {isa = PBXFileReference; fileEncoding = 4; lastKnownFileType = sourcecode.c.h; path = FixedFieldBuffer.h; sourceTree = "<group>"; };
		C1EC4CC01D057FF20043EE27 /* IOBuffer.cpp */ = {isa = PBXFileReference; fileEncoding = 4; lastKnownFileType = sourcecode.cpp.cpp; path = IOBuffer.cpp; sourceTree = "<group>"; };
		C1EC4CC21D0580430043EE27 /* FixedFieldBuffer.cpp */ = {isa = PBXFileReference; fileEncoding = 4; lastKnownFileType = sourcecode.cpp.cpp; path = FixedFieldBuffer.cpp; sourceTree = "<group>"; };
/* End PBXFileReference section */

/* Begin PBXFrameworksBuildPhase section */
		C1EC4CAB1D057DA80043EE27 /* Frameworks */ = {
			isa = PBXFrameworksBuildPhase;
			buildActionMask = 2147483647;
			files = (
			);
			runOnlyForDeploymentPostprocessing = 0;
		};
/* End PBXFrameworksBuildPhase section */

/* Begin PBXGroup section */
		C18F4EAB1D05BDBB0087FD9E /* BufferFile */ = {
			isa = PBXGroup;
			children = (
				C18F4EAC1D05BF0D0087FD9E /* BufferFile.h */,
				C18F4EAD1D05CA650087FD9E /* BufferFile.cpp */,
			);
			name = BufferFile;
			sourceTree = "<group>";
		};
		C1EC4CA51D057DA80043EE27 = {
			isa = PBXGroup;
			children = (
				C1EC4CB01D057DA80043EE27 /* FileStructure5 */,
				C1EC4CAF1D057DA80043EE27 /* Products */,
			);
			sourceTree = "<group>";
		};
		C1EC4CAF1D057DA80043EE27 /* Products */ = {
			isa = PBXGroup;
			children = (
				C1EC4CAE1D057DA80043EE27 /* FileStructure5 */,
			);
			name = Products;
			sourceTree = "<group>";
		};
		C1EC4CB01D057DA80043EE27 /* FileStructure5 */ = {
			isa = PBXGroup;
			children = (
				C18F4EAB1D05BDBB0087FD9E /* BufferFile */,
				C1EC4CBB1D057EE50043EE27 /* Student */,
				C1EC4CB81D057E3A0043EE27 /* Buffer */,
				C1EC4CB11D057DA80043EE27 /* main.cpp */,
				C1EC4CBA1D057EC00043EE27 /* classType.h */,
				C18F4EA31D0580990087FD9E /* function.cpp */,
			);
			path = FileStructure5;
			sourceTree = "<group>";
		};
		C1EC4CB81D057E3A0043EE27 /* Buffer */ = {
			isa = PBXGroup;
			children = (
				C1EC4CB91D057E670043EE27 /* Buffer.h */,
				C1EC4CBF1D057FB50043EE27 /* FixedFieldBuffer.h */,
				C1EC4CC01D057FF20043EE27 /* IOBuffer.cpp */,
				C1EC4CC21D0580430043EE27 /* FixedFieldBuffer.cpp */,
				C18F4EA71D0597CD0087FD9E /* DelimFieldBuffer.h */,
				C18F4EA81D05A27F0087FD9E /* DelimFieldBuffer.cpp */,
			);
			name = Buffer;
			sourceTree = "<group>";
		};
		C1EC4CBB1D057EE50043EE27 /* Student */ = {
			isa = PBXGroup;
			children = (
				C1EC4CBC1D057EF70043EE27 /* Student.h */,
				C1EC4CBD1D057F330043EE27 /* Student.cpp */,
				C18F4EA51D0595CD0087FD9E /* TestStudent.cpp */,
			);
			name = Student;
			sourceTree = "<group>";
		};
/* End PBXGroup section */

/* Begin PBXNativeTarget section */
		C1EC4CAD1D057DA80043EE27 /* FileStructure5 */ = {
			isa = PBXNativeTarget;
			buildConfigurationList = C1EC4CB51D057DA80043EE27 /* Build configuration list for PBXNativeTarget "FileStructure5" */;
			buildPhases = (
				C1EC4CAA1D057DA80043EE27 /* Sources */,
				C1EC4CAB1D057DA80043EE27 /* Frameworks */,
				C1EC4CAC1D057DA80043EE27 /* CopyFiles */,
			);
			buildRules = (
			);
			dependencies = (
			);
			name = FileStructure5;
			productName = FileStructure5;
			productReference = C1EC4CAE1D057DA80043EE27 /* FileStructure5 */;
			productType = "com.apple.product-type.tool";
		};
/* End PBXNativeTarget section */

/* Begin PBXProject section */
		C1EC4CA61D057DA80043EE27 /* Project object */ = {
			isa = PBXProject;
			attributes = {
				LastUpgradeCheck = 0730;
				ORGANIZATIONNAME = "JIN Beyongha";
				TargetAttributes = {
					C1EC4CAD1D057DA80043EE27 = {
						CreatedOnToolsVersion = 7.3.1;
					};
				};
			};
			buildConfigurationList = C1EC4CA91D057DA80043EE27 /* Build configuration list for PBXProject "FileStructure5" */;
			compatibilityVersion = "Xcode 3.2";
			developmentRegion = English;
			hasScannedForEncodings = 0;
			knownRegions = (
				en,
			);
			mainGroup = C1EC4CA51D057DA80043EE27;
			productRefGroup = C1EC4CAF1D057DA80043EE27 /* Products */;
			projectDirPath = "";
			projectRoot = "";
			targets = (
				C1EC4CAD1D057DA80043EE27 /* FileStructure5 */,
			);
		};
/* End PBXProject section */

/* Begin PBXSourcesBuildPhase section */
		C1EC4CAA1D057DA80043EE27 /* Sources */ = {
			isa = PBXSourcesBuildPhase;
			buildActionMask = 2147483647;
			files = (
				C1EC4CB21D057DA80043EE27 /* main.cpp in Sources */,
				C18F4EAE1D05CA650087FD9E /* BufferFile.cpp in Sources */,
				C1EC4CBE1D057F330043EE27 /* Student.cpp in Sources */,
				C1EC4CC11D057FF20043EE27 /* IOBuffer.cpp in Sources */,
				C18F4EA41D0580990087FD9E /* function.cpp in Sources */,
				C1EC4CC31D0580430043EE27 /* FixedFieldBuffer.cpp in Sources */,
				C18F4EA61D0595CD0087FD9E /* TestStudent.cpp in Sources */,
				C18F4EA91D05A27F0087FD9E /* DelimFieldBuffer.cpp in Sources */,
			);
			runOnlyForDeploymentPostprocessing = 0;
		};
/* End PBXSourcesBuildPhase section */

/* Begin XCBuildConfiguration section */
		C1EC4CB31D057DA80043EE27 /* Debug */ = {
			isa = XCBuildConfiguration;
			buildSettings = {
				ALWAYS_SEARCH_USER_PATHS = NO;
				CLANG_ANALYZER_NONNULL = YES;
				CLANG_CXX_LANGUAGE_STANDARD = "gnu++0x";
				CLANG_CXX_LIBRARY = "libc++";
				CLANG_ENABLE_MODULES = YES;
				CLANG_ENABLE_OBJC_ARC = YES;
				CLANG_WARN_BOOL_CONVERSION = YES;
				CLANG_WARN_CONSTANT_CONVERSION = YES;
				CLANG_WARN_DIRECT_OBJC_ISA_USAGE = YES_ERROR;
				CLANG_WARN_EMPTY_BODY = YES;
				CLANG_WARN_ENUM_CONVERSION = YES;
				CLANG_WARN_INT_CONVERSION = YES;
				CLANG_WARN_OBJC_ROOT_CLASS = YES_ERROR;
				CLANG_WARN_UNREACHABLE_CODE = YES;
				CLANG_WARN__DUPLICATE_METHOD_MATCH = YES;
				CODE_SIGN_IDENTITY = "-";
				COPY_PHASE_STRIP = NO;
				DEBUG_INFORMATION_FORMAT = dwarf;
				ENABLE_STRICT_OBJC_MSGSEND = YES;
				ENABLE_TESTABILITY = YES;
				GCC_C_LANGUAGE_STANDARD = gnu99;
				GCC_DYNAMIC_NO_PIC = NO;
				GCC_NO_COMMON_BLOCKS = YES;
				GCC_OPTIMIZATION_LEVEL = 0;
				GCC_PREPROCESSOR_DEFINITIONS = (
					"DEBUG=1",
					"$(inherited)",
				);
				GCC_WARN_64_TO_32_BIT_CONVERSION = YES;
				GCC_WARN_ABOUT_RETURN_TYPE = YES_ERROR;
				GCC_WARN_UNDECLARED_SELECTOR = YES;
				GCC_WARN_UNINITIALIZED_AUTOS = YES_AGGRESSIVE;
				GCC_WARN_UNUSED_FUNCTION = YES;
				GCC_WARN_UNUSED_VARIABLE = YES;
				MACOSX_DEPLOYMENT_TARGET = 10.11;
				MTL_ENABLE_DEBUG_INFO = YES;
				ONLY_ACTIVE_ARCH = YES;
				SDKROOT = macosx;
			};
			name = Debug;
		};
		C1EC4CB41D057DA80043EE27 /* Release */ = {
			isa = XCBuildConfiguration;
			buildSettings = {
				ALWAYS_SEARCH_USER_PATHS = NO;
				CLANG_ANALYZER_NONNULL = YES;
				CLANG_CXX_LANGUAGE_STANDARD = "gnu++0x";
				CLANG_CXX_LIBRARY = "libc++";
				CLANG_ENABLE_MODULES = YES;
				CLANG_ENABLE_OBJC_ARC = YES;
				CLANG_WARN_BOOL_CONVERSION = YES;
				CLANG_WARN_CONSTANT_CONVERSION = YES;
				CLANG_WARN_DIRECT_OBJC_ISA_USAGE = YES_ERROR;
				CLANG_WARN_EMPTY_BODY = YES;
				CLANG_WARN_ENUM_CONVERSION = YES;
				CLANG_WARN_INT_CONVERSION = YES;
				CLANG_WARN_OBJC_ROOT_CLASS = YES_ERROR;
				CLANG_WARN_UNREACHABLE_CODE = YES;
				CLANG_WARN__DUPLICATE_METHOD_MATCH = YES;
				CODE_SIGN_IDENTITY = "-";
				COPY_PHASE_STRIP = NO;
				DEBUG_INFORMATION_FORMAT = "dwarf-with-dsym";
				ENABLE_NS_ASSERTIONS = NO;
				ENABLE_STRICT_OBJC_MSGSEND = YES;
				GCC_C_LANGUAGE_STANDARD = gnu99;
				GCC_NO_COMMON_BLOCKS = YES;
				GCC_WARN_64_TO_32_BIT_CONVERSION = YES;
				GCC_WARN_ABOUT_RETURN_TYPE = YES_ERROR;
				GCC_WARN_UNDECLARED_SELECTOR = YES;
				GCC_WARN_UNINITIALIZED_AUTOS = YES_AGGRESSIVE;
				GCC_WARN_UNUSED_FUNCTION = YES;
				GCC_WARN_UNUSED_VARIABLE = YES;
				MACOSX_DEPLOYMENT_TARGET = 10.11;
				MTL_ENABLE_DEBUG_INFO = NO;
				SDKROOT = macosx;
			};
			name = Release;
		};
		C1EC4CB61D057DA80043EE27 /* Debug */ = {
			isa = XCBuildConfiguration;
			buildSettings = {
				PRODUCT_NAME = "$(TARGET_NAME)";
			};
			name = Debug;
		};
		C1EC4CB71D057DA80043EE27 /* Release */ = {
			isa = XCBuildConfiguration;
			buildSettings = {
				PRODUCT_NAME = "$(TARGET_NAME)";
			};
			name = Release;
		};
/* End XCBuildConfiguration section */

/* Begin XCConfigurationList section */
		C1EC4CA91D057DA80043EE27 /* Build configuration list for PBXProject "FileStructure5" */ = {
			isa = XCConfigurationList;
			buildConfigurations = (
				C1EC4CB31D057DA80043EE27 /* Debug */,
				C1EC4CB41D057DA80043EE27 /* Release */,
			);
			defaultConfigurationIsVisible = 0;
			defaultConfigurationName = Release;
		};
		C1EC4CB51D057DA80043EE27 /* Build configuration list for PBXNativeTarget "FileStructure5" */ = {
			isa = XCConfigurationList;
			buildConfigurations = (
				C1EC4CB61D057DA80043EE27 /* Debug */,
				C1EC4CB71D057DA80043EE27 /* Release */,
			);
			defaultConfigurationIsVisible = 0;
			defaultConfigurationName = Release;
		};
/* End XCConfigurationList section */
	};
	rootObject = C1EC4CA61D057DA80043EE27 /* Project object */;
}
